
Microsoft Visual Studio Solution File, Format Version 12.00
# Visual Studio 2013
VisualStudioVersion = 12.0.40629.0
MinimumVisualStudioVersion = 10.0.40219.1
Project("{FAE04EC0-301F-11D3-BF4B-00C04F79EFBC}") = "SquareTimeProcessingService", "SquareTimeProcessingService\SquareTimeProcessingService.csproj", "{5A0D0A97-DC4D-4DD9-8808-91F4D5A9FA64}"
EndProject
Project("{FAE04EC0-301F-11D3-BF4B-00C04F79EFBC}") = "SquareTimeProcessingServiceHost", "SquareTimeProcessingServiceHost\SquareTimeProcessingServiceHost.csproj", "{ED8232CE-8D69-4B6C-A7B5-BC33B7593C08}"
EndProject
Global
	GlobalSection(SolutionConfigurationPlatforms) = preSolution
		Debug|Any CPU = Debug|Any CPU
		Release|Any CPU = Release|Any CPU
	EndGlobalSection
	GlobalSection(ProjectConfigurationPlatforms) = postSolution
		{5A0D0A97-DC4D-4DD9-8808-91F4D5A9FA64}.Debug|Any CPU.ActiveCfg = Debug|Any CPU
		{5A0D0A97-DC4D-4DD9-8808-91F4D5A9FA64}.Debug|Any CPU.Build.0 = Debug|Any CPU
		{5A0D0A97-DC4D-4DD9-8808-91F4D5A9FA64}.Release|Any CPU.ActiveCfg = Release|Any CPU
		{5A0D0A97-DC4D-4DD9-8808-91F4D5A9FA64}.Release|Any CPU.Build.0 = Release|Any CPU
		{ED8232CE-8D69-4B6C-A7B5-BC33B7593C08}.Debug|Any CPU.ActiveCfg = Debug|Any CPU
		{ED8232CE-8D69-4B6C-A7B5-BC33B7593C08}.Debug|Any CPU.Build.0 = Debug|Any CPU
		{ED8232CE-8D69-4B6C-A7B5-BC33B7593C08}.Release|Any CPU.ActiveCfg = Release|Any CPU
		{ED8232CE-8D69-4B6C-A7B5-BC33B7593C08}.Release|Any CPU.Build.0 = Release|Any CPU
	EndGlobalSection
	GlobalSection(SolutionProperties) = preSolution
		HideSolutionNode = FALSE
	EndGlobalSection
EndGlobal
